#
# This file is autogenerated by pip-compile with Python 3.11
# by the following command:
#
#    pip-compile --generate-hashes --no-index --output-file=build/workbench/requirements.lock --strip-extras requirements-dev.txt
#
cocotb==2.0.1 \
    --hash=sha256:070889d8c568451e9dae326058b63b7425924ef8ce12d427ea2f3c3db9322bbb \
    --hash=sha256:1564125b6ace66b3f350d083a97308249c247515891487b56e527d9a4e7ebb0a \
    --hash=sha256:1b99e5eab7236993cab7b4ed6464a249ad32daca93a6aa2987d5048272d77315 \
    --hash=sha256:223509932a610f1f20834103e4c0f2ce9acb1ed0b5982bdeddcbd2bbf1aba349 \
    --hash=sha256:347dc152aca097ba8c3d6ea03953fd9fd1dac0889f1cb4536600a2a08d069e3e \
    --hash=sha256:35d6e4b1553c541fa2236e32009ba8fc2cb2d9209d589c56c285352c600d2366 \
    --hash=sha256:3a2df61424b355899cab0f252b14f69d5c2c6b1c9422b2a4152eaa3fd169a9d6 \
    --hash=sha256:3ae37e7e2ebf9198470c8aeb9f43e3c97197b7f5e764b4ee2813936120c4232e \
    --hash=sha256:41e0244dce20ba3ef2830224f41f786ff5669fe14cec04db8ec92f9a8ac5b04f \
    --hash=sha256:441c13ccf7e071a44a536f45fdbe3a002d7cd4f89a2bb6a0d4bf2299b22d424c \
    --hash=sha256:4fd0ae786019d18e7195a1186f93bff5afcda7b5aba8de710d3e74182e57a116 \
    --hash=sha256:5798b47a4df3b4eb17a4b214c889d70d31e710b81a2109538b006569780bd115 \
    --hash=sha256:5a197c451312333170119378d796a29a6c9413e6283e9de3614c4f35af6e9d1f \
    --hash=sha256:5de14de3d40669bf4ec0d288a40eef3c7220a537f470b4e6d71efcc7064fb3f2 \
    --hash=sha256:6169ca1f74b38ba98a7f10f3b3b8a9688bb5c70df18bde408479a10d8d79c439 \
    --hash=sha256:64f48c3d02a2b0b9b976e3a0c9f9e0580dc6eeb1f6bb85d18a6ef791e6ddfe7c \
    --hash=sha256:69887748412ff43e98f8579ad6c0da1f6ff19a94d0c3b4d6da472d8e86784e82 \
    --hash=sha256:770976ca691e8fe7437a486f66ff58fe6bb548be9d95146a726b6a90a4fd9e2d \
    --hash=sha256:7f226c990ffc995194c5a6aabd39ac5790c2a341365570be9c513255093e4ff0 \
    --hash=sha256:8150567f4b84ea74717ce81fd275082c97da17ba10b31021965591d5849fe15e \
    --hash=sha256:8437d4b39ecad5cddcda049b972878c8badc0b57a43dc94fb7cdecdf467b7427 \
    --hash=sha256:8588fe4621db6e19b93f1d1b0a1aead37d23ad063d6b248b9a445e3f4104efac \
    --hash=sha256:868e0d73bce663e756b3447698fb93be864f8f54a35bac341cbe75c8d5a834c8 \
    --hash=sha256:9236df78a8fcdecb09a0916300c55ce1ab7a92fc67ac09b22f63ff592a47232e \
    --hash=sha256:954c1069d919fb9f19b2feb75033528120ce829df9db4d3a1d34fcca6f82706f \
    --hash=sha256:9bc8d2354e87dfc0616221946f0ee227447fa69d222ae6a4433e83ad569d35d4 \
    --hash=sha256:a042b8c5b4d70f873a652ba60f1f17a21ff621e243a02bffa4f11a037ca21af5 \
    --hash=sha256:a15644175b38f64d7c60694c3bae22cebf0605c1a537ea842596769711fa3877 \
    --hash=sha256:a8989afde8486ad72aa28be4e8f26f55f3891af80f669bf29d01e0d3b7267576 \
    --hash=sha256:ab361a2efddd0914f40cd08d097d0d41ddf173d54cdea0b62000f55309e5810f \
    --hash=sha256:ad5ed2c7ced2c8088d9ee8bd0c0d4497297248d76698c2940e978d5e54dbed33 \
    --hash=sha256:be9d205fd5976cad89888dc394a91315037ccb7e684cd9f1a09f52509199cadf \
    --hash=sha256:c66018569d2f91ba8ea866984caf8fbb1cb6376102c187e99675c425ec1adcd9 \
    --hash=sha256:ca491be0eff5cfa2a16f19aeb1aa62967a9d40b0882e32636ffd517c12c1f289 \
    --hash=sha256:cd45a2874c0a4fa11042259ab6a10d3226568c06ac27440101373cec54ae5789 \
    --hash=sha256:cee77a5223c861d8a0e8cde42802787e48bde823a0c163b10776f9e57122ed62 \
    --hash=sha256:d1329c0efc1b460f12f8c76e5d030322adb4e89bc48f70c6f0805535d6eb1b10 \
    --hash=sha256:d2730f19f5e3e800cc9a667fe2711812dd3a8c818f0167aa1e107e2b93624160 \
    --hash=sha256:d453611035576132577cc9f43bc4b800ed01043cf60fcbddc8174533d091818f \
    --hash=sha256:e09b4a427b3cddf008613b2f656dee7489d8032753d92c8c5dfa2f65e633e1d3 \
    --hash=sha256:f08b5ef2e59460a0ebee6927a3c92fdb66823278a295df50042a40df3314be8c \
    --hash=sha256:f13862231a841ffdf44e67e4e4377006d51732c4713b39a30eb4c7322d9d5ac7 \
    --hash=sha256:f9223918a8f939f4a0157438376b3a23bc011db84059882f38a6eeb0f6327122 \
    --hash=sha256:f92b5ca05178bf6c231d649758a221d58490bd0e3ddda5ea83500cb49e472e36 \
    --hash=sha256:fa8501f3299f753f7484604db07747790b66f0e4c99e51fc51885df4bf17af44 \
    --hash=sha256:faf3ec2916d2392bfa22825d46615c55fc23a3c0e93e5d8bba56aaeda1245cf7 \
    --hash=sha256:fed79b086414ac2d5faa1eff74b7533cb46404dfcd5a8e52cdffaeecdf98033a
    # via -r test/requirements.txt
find-libpython==0.5.1 \
    --hash=sha256:12a0fb39ff8dcc64ad0fd554b1bd142ea4a8c4c18e5da6043a547ce7b25559fe \
    --hash=sha256:723a8cfe6fed255a1f58b53c62ed556fb340ec0d456e9863ebc01a5cc047607d
    # via cocotb
iniconfig==2.3.0 \
    --hash=sha256:c76315c77db068650d49c5b56314774a7804df16fee4402c1f19d6d15d8c4730 \
    --hash=sha256:f631c04d2c48c52b84d0d0549c99ff3859c98df65b3101406327ecc7d53fbf12
    # via pytest
packaging==26.3 \
    --hash=sha256:94edc256424af38762eb31306eed28beb9f0efc50a8837492c9d6fd6004aed79 \
    --hash=sha256:d7193f7c8e4e93f444fde0262bf90af30e16fa0ad0ad44cb553c87339b23cd1c
    # via pytest
pluggy==1.6.0 \
    --hash=sha256:7dcc130b76258d33b90f61b658791dede3486c3e6bfb003ee5c9bfb396dd22f3 \
    --hash=sha256:e920276dd6813095e9377c0bc5566d94c932c33b27a3e3945d8389c374dd4746
    # via pytest
pygments==2.21.0 \
    --hash=sha256:2363c69b61c4a97c838da3b130dcd6468f4848992b21a82f2a63ec34377137d9 \
    --hash=sha256:610ca751c9bc2492b38eb9a38a7fbc93edbbb2d7182edaf34e66ae493dee5c8c
    # via pytest
pytest==9.0.3 \
    --hash=sha256:2c5efc453d45394fdd706ade797c0a81091eccd1d6e4bccfcd476e2b8e0ab5d9 \
    --hash=sha256:b86ada508af81d19edeb213c681b1d48246c1a91d304c6c81a427674c17eb91c
    # via -r test/requirements.txt
pyyaml==6.0.2 \
    --hash=sha256:01179a4a8559ab5de078078f37e5c1a30d76bb88519906844fd7bdea1b7729ff \
    --hash=sha256:0833f8694549e586547b576dcfaba4a6b55b9e96098b36cdc7ebefe667dfed48 \
    --hash=sha256:0a9a2848a5b7feac301353437eb7d5957887edbf81d56e903999a75a3d743086 \
    --hash=sha256:0b69e4ce7a131fe56b7e4d770c67429700908fc0752af059838b1cfb41960e4e \
    --hash=sha256:0ffe8360bab4910ef1b9e87fb812d8bc0a308b0d0eef8c8f44e0254ab3b07133 \
    --hash=sha256:11d8f3dd2b9c1207dcaf2ee0bbbfd5991f571186ec9cc78427ba5bd32afae4b5 \
    --hash=sha256:17e311b6c678207928d649faa7cb0d7b4c26a0ba73d41e99c4fff6b6c3276484 \
    --hash=sha256:1e2120ef853f59c7419231f3bf4e7021f1b936f6ebd222406c3b60212205d2ee \
    --hash=sha256:1f71ea527786de97d1a0cc0eacd1defc0985dcf6b3f17bb77dcfc8c34bec4dc5 \
    --hash=sha256:23502f431948090f597378482b4812b0caae32c22213aecf3b55325e049a6c68 \
    --hash=sha256:24471b829b3bf607e04e88d79542a9d48bb037c2267d7927a874e6c205ca7e9a \
    --hash=sha256:29717114e51c84ddfba879543fb232a6ed60086602313ca38cce623c1d62cfbf \
    --hash=sha256:2e99c6826ffa974fe6e27cdb5ed0021786b03fc98e5ee3c5bfe1fd5015f42b99 \
    --hash=sha256:39693e1f8320ae4f43943590b49779ffb98acb81f788220ea932a6b6c51004d8 \
    --hash=sha256:3ad2a3decf9aaba3d29c8f537ac4b243e36bef957511b4766cb0057d32b0be85 \
    --hash=sha256:3b1fdb9dc17f5a7677423d508ab4f243a726dea51fa5e70992e59a7411c89d19 \
    --hash=sha256:41e4e3953a79407c794916fa277a82531dd93aad34e29c2a514c2c0c5fe971cc \
    --hash=sha256:43fa96a3ca0d6b1812e01ced1044a003533c47f6ee8aca31724f78e93ccc089a \
    --hash=sha256:50187695423ffe49e2deacb8cd10510bc361faac997de9efef88badc3bb9e2d1 \
    --hash=sha256:5ac9328ec4831237bec75defaf839f7d4564be1e6b25ac710bd1a96321cc8317 \
    --hash=sha256:5d225db5a45f21e78dd9358e58a98702a0302f2659a3c6cd320564b75b86f47c \
    --hash=sha256:6395c297d42274772abc367baaa79683958044e5d3835486c16da75d2a694631 \
    --hash=sha256:688ba32a1cffef67fd2e9398a2efebaea461578b0923624778664cc1c914db5d \
    --hash=sha256:68ccc6023a3400877818152ad9a1033e3db8625d899c72eacb5a668902e4d652 \
    --hash=sha256:70b189594dbe54f75ab3a1acec5f1e3faa7e8cf2f1e08d9b561cb41b845f69d5 \
    --hash=sha256:797b4f722ffa07cc8d62053e4cff1486fa6dc094105d13fea7b1de7d8bf71c9e \
    --hash=sha256:7c36280e6fb8385e520936c3cb3b8042851904eba0e58d277dca80a5cfed590b \
    --hash=sha256:7e7401d0de89a9a855c839bc697c079a4af81cf878373abd7dc625847d25cbd8 \
    --hash=sha256:80bab7bfc629882493af4aa31a4cfa43a4c57c83813253626916b8c7ada83476 \
    --hash=sha256:82d09873e40955485746739bcb8b4586983670466c23382c19cffecbf1fd8706 \
    --hash=sha256:8388ee1976c416731879ac16da0aff3f63b286ffdd57cdeb95f3f2e085687563 \
    --hash=sha256:8824b5a04a04a047e72eea5cec3bc266db09e35de6bdfe34c9436ac5ee27d237 \
    --hash=sha256:8b9c7197f7cb2738065c481a0461e50ad02f18c78cd75775628afb4d7137fb3b \
    --hash=sha256:9056c1ecd25795207ad294bcf39f2db3d845767be0ea6e6a34d856f006006083 \
    --hash=sha256:936d68689298c36b53b29f23c6dbb74de12b4ac12ca6cfe0e047bedceea56180 \
    --hash=sha256:9b22676e8097e9e22e36d6b7bda33190d0d400f345f23d4065d48f4ca7ae0425 \
    --hash=sha256:a4d3091415f010369ae4ed1fc6b79def9416358877534caf6a0fdd2146c87a3e \
    --hash=sha256:a8786accb172bd8afb8be14490a16625cbc387036876ab6ba70912730faf8e1f \
    --hash=sha256:a9f8c2e67970f13b16084e04f134610fd1d374bf477b17ec1599185cf611d725 \
    --hash=sha256:bc2fa7c6b47d6bc618dd7fb02ef6fdedb1090ec036abab80d4681424b84c1183 \
    --hash=sha256:c70c95198c015b85feafc136515252a261a84561b7b1d51e3384e0655ddf25ab \
    --hash=sha256:cc1c1159b3d456576af7a3e4d1ba7e6924cb39de8f67111c735f6fc832082774 \
    --hash=sha256:ce826d6ef20b1bc864f0a68340c8b3287705cae2f8b4b1d932177dcc76721725 \
    --hash=sha256:d584d9ec91ad65861cc08d42e834324ef890a082e591037abe114850ff7bbc3e \
    --hash=sha256:d7fded462629cfa4b685c5416b949ebad6cec74af5e2d42905d41e257e0869f5 \
    --hash=sha256:d84a1718ee396f54f3a086ea0a66d8e552b2ab2017ef8b420e92edbc841c352d \
    --hash=sha256:d8e03406cac8513435335dbab54c0d385e4a49e4945d2909a581c83647ca0290 \
    --hash=sha256:e10ce637b18caea04431ce14fabcf5c64a1c61ec9c56b071a4b7ca131ca52d44 \
    --hash=sha256:ec031d5d2feb36d1d1a24380e4db6d43695f3748343d99434e6f5f9156aaa2ed \
    --hash=sha256:ef6107725bd54b262d6dedcc2af448a266975032bc85ef0172c5f059da6325b4 \
    --hash=sha256:efdca5630322a10774e8e98e1af481aad470dd62c3170801852d752aa7a783ba \
    --hash=sha256:f753120cb8181e736c57ef7636e83f31b9c0d1722c516f7e86cf15b7aa57ff12 \
    --hash=sha256:ff3824dc5261f50c9b0dfb3be22b4567a6f938ccce4587b38952d85fd9e9afe4
    # via -r requirements-dev.txt
